
Microsoft Visual Studio Solution File, Format Version 12.00
# Visual Studio 15
VisualStudioVersion = 15.0.26730.16
MinimumVisualStudioVersion = 10.0.40219.1
Project("{FAE04EC0-301F-11D3-BF4B-00C04F79EFBC}") = "FunctionalKnoxDemo", "FunctionalKnoxDemo\FunctionalKnoxDemo.csproj", "{F89FE90C-5601-4FE0-8BBE-EE7ED1D06603}"
EndProject
Project("{FAE04EC0-301F-11D3-BF4B-00C04F79EFBC}") = "FunctionalKnox.DataAccess", "FunctionalKnox.DataAccess\FunctionalKnox.DataAccess.csproj", "{F2735E70-66D2-4378-A0E2-F8BE60D2FE45}"
EndProject
Project("{2150E333-8FDC-42A3-9474-1A3956D46DE8}") = "Libraries", "Libraries", "{169E1C05-1D77-4319-BE13-FFAECD28B5B7}"
	ProjectSection(SolutionItems) = preProject
		Libraries\Optionally.dll = Libraries\Optionally.dll
	EndProjectSection
EndProject
Project("{FAE04EC0-301F-11D3-BF4B-00C04F79EFBC}") = "FunctionalKnox.Domain", "FunctionalKnox.Domain\FunctionalKnox.Domain.csproj", "{486DED53-9D12-4A51-8550-0B57046625D8}"
EndProject
Global
	GlobalSection(SolutionConfigurationPlatforms) = preSolution
		Debug|Any CPU = Debug|Any CPU
		Release|Any CPU = Release|Any CPU
	EndGlobalSection
	GlobalSection(ProjectConfigurationPlatforms) = postSolution
		{F89FE90C-5601-4FE0-8BBE-EE7ED1D06603}.Debug|Any CPU.ActiveCfg = Debug|Any CPU
		{F89FE90C-5601-4FE0-8BBE-EE7ED1D06603}.Debug|Any CPU.Build.0 = Debug|Any CPU
		{F89FE90C-5601-4FE0-8BBE-EE7ED1D06603}.Release|Any CPU.ActiveCfg = Release|Any CPU
		{F89FE90C-5601-4FE0-8BBE-EE7ED1D06603}.Release|Any CPU.Build.0 = Release|Any CPU
		{F2735E70-66D2-4378-A0E2-F8BE60D2FE45}.Debug|Any CPU.ActiveCfg = Debug|Any CPU
		{F2735E70-66D2-4378-A0E2-F8BE60D2FE45}.Debug|Any CPU.Build.0 = Debug|Any CPU
		{F2735E70-66D2-4378-A0E2-F8BE60D2FE45}.Release|Any CPU.ActiveCfg = Release|Any CPU
		{F2735E70-66D2-4378-A0E2-F8BE60D2FE45}.Release|Any CPU.Build.0 = Release|Any CPU
		{486DED53-9D12-4A51-8550-0B57046625D8}.Debug|Any CPU.ActiveCfg = Debug|Any CPU
		{486DED53-9D12-4A51-8550-0B57046625D8}.Debug|Any CPU.Build.0 = Debug|Any CPU
		{486DED53-9D12-4A51-8550-0B57046625D8}.Release|Any CPU.ActiveCfg = Release|Any CPU
		{486DED53-9D12-4A51-8550-0B57046625D8}.Release|Any CPU.Build.0 = Release|Any CPU
	EndGlobalSection
	GlobalSection(SolutionProperties) = preSolution
		HideSolutionNode = FALSE
	EndGlobalSection
	GlobalSection(ExtensibilityGlobals) = postSolution
		SolutionGuid = {4FF107F4-A876-43F6-AB27-D0D1AB09F7C5}
	EndGlobalSection
EndGlobal
